{
    "_meta": {
        "hash": {
            "sha256": "a06ecc22436080b1d29d4df33629d5205f41874f1688cf0c806c03608a15149e"
        },
        "pipfile-spec": 6,
        "requires": {
            "python_version": "3.10"
        },
        "sources": [
            {
                "name": "pypi",
                "url": "https://pypi.org/simple",
                "verify_ssl": true
            }
        ]
    },
    "default": {
        "asgiref": {
            "hashes": [
                "sha256:3e1e3ecc849832fe52ccf2cb6686b7a55f82bb1d6aee72a58826471390335e47",
                "sha256:c343bd80a0bec947a9860adb4c432ffa7db769836c64238fc34bdc3fec84d590"
            ],
            "markers": "python_version >= '3.8'",
            "version": "==3.8.1"
        },
        "django": {
            "hashes": [
                "sha256:bd7376f90c99f96b643722eee676498706c9fd7dc759f55ebfaf2c08ebcdf4f0",
                "sha256:f11aa87ad8d5617171e3f77e1d5d16f004b79a2cf5d2e1d2b97a6a1f8e9ba5ed"
            ],
            "index": "pypi",
            "markers": "python_version >= '3.10'",
            "version": "==5.1.2"
        },
        "django-debug-toolbar": {
            "hashes": [
                "sha256:36e421cb908c2f0675e07f9f41e3d1d8618dc386392ec82d23bcfcd5d29c7044",
                "sha256:3beb671c9ec44ffb817fad2780667f172bd1c067dbcabad6268ce39a81335f45"
            ],
            "index": "pypi",
            "markers": "python_version >= '3.8'",
            "version": "==4.4.6"
        },
        "djangorestframework": {
            "hashes": [
                "sha256:2b8871b062ba1aefc2de01f773875441a961fefbf79f5eed1e32b2f096944b20",
                "sha256:36fe88cd2d6c6bec23dca9804bab2ba5517a8bb9d8f47ebc68981b56840107ad"
            ],
            "index": "pypi",
            "markers": "python_version >= '3.8'",
            "version": "==3.15.2"
        },
        "drf-nested-routers": {
            "hashes": [
                "sha256:2b846385ed95c9f17bf4242db3b264ac826b5af00dda6c737d3fe7cc7bf2c7db",
                "sha256:3a8ec45a025c0f39188ec1ec415244beb875a6f4db87911a1f5a606d09b68c9f"
            ],
            "index": "pypi",
            "markers": "python_version >= '3.8'",
            "version": "==0.94.1"
        },
        "mysqlclient": {
            "hashes": [
                "sha256:1d2e2ca0fe8405d8d6464edd01bf059951279e4bc27284d39341bd4737b2bc64",
                "sha256:3f9625bea2b9bcde0ace76b32708762d44597491092c819fd1bff5b4e27f709b",
                "sha256:8012c633aab8c91ea8172ac479807135b171501b9cad1a7cd9b58c4dc8dcdab5",
                "sha256:add8643c32f738014d252d2bdebb478623b04802e8396d5903905db36474d3ff",
                "sha256:aee14f1872114865679fcb09aac3772de4595fa7dcf2f83a4c7afee15e508854",
                "sha256:b54511648c1455b43ac28f8b4c1f732c5b0c343e87f7a3bd6fc9f9fe0f91934e",
                "sha256:b78438314199504c64f69e1e3521f2c9b419f19fcd85158b44c997b64409a6af",
                "sha256:e871ede4261d0d42b8ed20a2459db411c7deafedd8e77b7e4ba760be4a6a752b"
            ],
            "index": "pypi",
            "markers": "python_version >= '3.8'",
            "version": "==2.2.5"
        },
        "pymysql": {
            "hashes": [
                "sha256:4de15da4c61dc132f4fb9ab763063e693d521a80fd0e87943b9a453dd4c19d6c",
                "sha256:e127611aaf2b417403c60bf4dc570124aeb4a57f5f37b8e95ae399a42f904cd0"
            ],
            "index": "pypi",
            "markers": "python_version >= '3.7'",
            "version": "==1.1.1"
        },
        "sqlparse": {
            "hashes": [
                "sha256:773dcbf9a5ab44a090f3441e2180efe2560220203dc2f8c0b0fa141e18b505e4",
                "sha256:bb6b4df465655ef332548e24f08e205afc81b9ab86cb1c45657a7ff173a3a00e"
            ],
            "markers": "python_version >= '3.8'",
            "version": "==0.5.1"
        },
        "typing-extensions": {
            "hashes": [
                "sha256:04e5ca0351e0f3f85c6853954072df659d0d13fac324d0072316b67d7794700d",
                "sha256:1a7ead55c7e559dd4dee8856e3a88b41225abfe1ce8df57b7c13915fe121ffb8"
            ],
            "markers": "python_version < '3.11'",
            "version": "==4.12.2"
        }
    },
    "develop": {}
}
